proj_file_hash = "8bf7505b7503b707cfc191471c2e3fdb"

[[dependencies]]
name = "binary-heap"
version = "0.2.1"
path = ".fixlang/deps/binary-heap_0.2.1"

[dependencies.git]
repo = "https://github.com/tttmmmyyyy/fixlang-binary-heap.git"
rev = "aa7af02bb6c93050ec05d3d80693c0a6568e309d"

[[dependencies]]
name = "bool-array"
version = "0.1.2"
path = ".fixlang/deps/bool-array_0.1.2"

[dependencies.git]
repo = "https://github.com/tttmmmyyyy/bool-array.git"
rev = "bcfbde58e945e302751d81b34068885e26f7e611"

[[dependencies]]
name = "math"
version = "2.0.0"
path = ".fixlang/deps/math_2.0.0"

[dependencies.git]
repo = "https://github.com/tttmmmyyyy/fixlang-math.git"
rev = "803bfafbc3bdc23f2f9636ad7830a74345ff99bf"
