proj_file_hash = "2dc960fdb85b86c533f9263ca095285c"

[[dependencies]]
name = "binary-heap"
version = "0.2.1"
path = ".fixlang/deps/binary-heap_0.2.1"

[dependencies.git]
repo = "https://github.com/tttmmmyyyy/fixlang-binary-heap.git"
rev = "aa7af02bb6c93050ec05d3d80693c0a6568e309d"

[[dependencies]]
name = "bool-array"
version = "0.1.2"
path = ".fixlang/deps/bool-array_0.1.2"

[dependencies.git]
repo = "https://github.com/tttmmmyyyy/bool-array.git"
rev = "bcfbde58e945e302751d81b34068885e26f7e611"

[[dependencies]]
name = "math"
version = "1.2.1"
path = ".fixlang/deps/math_1.2.1"

[dependencies.git]
repo = "https://github.com/tttmmmyyyy/fixlang-math.git"
rev = "e072aef74a55bbaae3f77924a06dfbc8ea42d984"
