proj_file_hash = "d025cb32906646123c117e2635558255"

[[dependencies]]
name = "math"
version = "1.0.0"
path = ".fixlang/deps/math_1.0.0"

[dependencies.git]
repo = "https://github.com/tttmmmyyyy/fixlang-math.git"
rev = "6b1c3810d49d0291c2a800f783be38138cf4381d"

[[dependencies]]
name = "binary-heap"
version = "0.1.0"
path = ".fixlang/deps/binary-heap_0.1.0"

[dependencies.git]
repo = "https://github.com/tttmmmyyyy/fixlang-binary-heap.git"
rev = "3e1bc10fbda16ec0a49ac6fd25c00851cf5234b5"
